// !$*UTF8*$!
{
	archiveVersion = 1;
	classes = {
	};
	objectVersion = 46;
	objects = {

/* Begin PBXBuildFile section */
		0BA6DBEEC14F207184DAE762 /* libPods-dingcan.a in Frameworks */ = {isa = PBXBuildFile; fileRef = E03F70FF84C9821A13D80225 /* libPods-dingcan.a */; };
		5043EDF61C576AAB00E95506 /* Canfei.m in Sources */ = {isa = PBXBuildFile; fileRef = 5043EDF51C576AAB00E95506 /* Canfei.m */; };
		5043EE211C5929CC00E95506 /* AFHTTPSessionManager+Util.m in Sources */ = {isa = PBXBuildFile; fileRef = 5043EE201C5929CC00E95506 /* AFHTTPSessionManager+Util.m */; };
		5045F8921C59E8630016F282 /* CanfeiViewControll.m in Sources */ = {isa = PBXBuildFile; fileRef = 5045F8911C59E8630016F282 /* CanfeiViewControll.m */; };
		50C3368A1C55FDDC00F4997B /* main.m in Sources */ = {isa = PBXBuildFile; fileRef = 50C336891C55FDDC00F4997B /* main.m */; };
		50C3368D1C55FDDC00F4997B /* AppDelegate.m in Sources */ = {isa = PBXBuildFile; fileRef = 50C3368C1C55FDDC00F4997B /* AppDelegate.m */; };
		50C336901C55FDDC00F4997B /* ViewController.m in Sources */ = {isa = PBXBuildFile; fileRef = 50C3368F1C55FDDC00F4997B /* ViewController.m */; };
		50C336931C55FDDC00F4997B /* Main.storyboard in Resources */ = {isa = PBXBuildFile; fileRef = 50C336911C55FDDC00F4997B /* Main.storyboard */; };
		50C336951C55FDDC00F4997B /* Assets.xcassets in Resources */ = {isa = PBXBuildFile; fileRef = 50C336941C55FDDC00F4997B /* Assets.xcassets */; };
		50C336981C55FDDC00F4997B /* LaunchScreen.storyboard in Resources */ = {isa = PBXBuildFile; fileRef = 50C336961C55FDDC00F4997B /* LaunchScreen.storyboard */; };
		50C336A31C55FDDC00F4997B /* dingcanTests.m in Sources */ = {isa = PBXBuildFile; fileRef = 50C336A21C55FDDC00F4997B /* dingcanTests.m */; };
		50C336AE1C55FDDC00F4997B /* dingcanUITests.m in Sources */ = {isa = PBXBuildFile; fileRef = 50C336AD1C55FDDC00F4997B /* dingcanUITests.m */; };
		5C33D6B164B43969889CD645 /* libPods-dingcanUITests.a in Frameworks */ = {isa = PBXBuildFile; fileRef = 018870E8A513303ADCF67730 /* libPods-dingcanUITests.a */; };
		B26E7477D44E82B9AED4D1C2 /* libPods-dingcanTests.a in Frameworks */ = {isa = PBXBuildFile; fileRef = 79B7DB57A39467E26D5CD6DE /* libPods-dingcanTests.a */; };
/* End PBXBuildFile section */

/* Begin PBXContainerItemProxy section */
		50C3369F1C55FDDC00F4997B /* PBXContainerItemProxy */ = {
			isa = PBXContainerItemProxy;
			containerPortal = 50C3367D1C55FDDC00F4997B /* Project object */;
			proxyType = 1;
			remoteGlobalIDString = 50C336841C55FDDC00F4997B;
			remoteInfo = dingcan;
		};
		50C336AA1C55FDDC00F4997B /* PBXContainerItemProxy */ = {
			isa = PBXContainerItemProxy;
			containerPortal = 50C3367D1C55FDDC00F4997B /* Project object */;
			proxyType = 1;
			remoteGlobalIDString = 50C336841C55FDDC00F4997B;
			remoteInfo = dingcan;
		};
/* End PBXContainerItemProxy section */

/* Begin PBXFileReference section */
		018870E8A513303ADCF67730 /* libPods-dingcanUITests.a */ = {isa = PBXFileReference; explicitFileType = archive.ar; includeInIndex = 0; path = "libPods-dingcanUITests.a"; sourceTree = BUILT_PRODUCTS_DIR; };
		4A46B0E15DD161CD311BC358 /* Pods-dingcanUITests.debug.xcconfig */ = {isa = PBXFileReference; includeInIndex = 1; lastKnownFileType = text.xcconfig; name = "Pods-dingcanUITests.debug.xcconfig"; path = "Pods/Target Support Files/Pods-dingcanUITests/Pods-dingcanUITests.debug.xcconfig"; sourceTree = "<group>"; };
		5043EDF41C576AAB00E95506 /* Canfei.h */ = {isa = PBXFileReference; fileEncoding = 4; lastKnownFileType = sourcecode.c.h; path = Canfei.h; sourceTree = "<group>"; };
		5043EDF51C576AAB00E95506 /* Canfei.m */ = {isa = PBXFileReference; fileEncoding = 4; lastKnownFileType = sourcecode.c.objc; path = Canfei.m; sourceTree = "<group>"; };
		5043EE1F1C5929CC00E95506 /* AFHTTPSessionManager+Util.h */ = {isa = PBXFileReference; fileEncoding = 4; lastKnownFileType = sourcecode.c.h; path = "AFHTTPSessionManager+Util.h"; sourceTree = "<group>"; };
		5043EE201C5929CC00E95506 /* AFHTTPSessionManager+Util.m */ = {isa = PBXFileReference; fileEncoding = 4; lastKnownFileType = sourcecode.c.objc; path = "AFHTTPSessionManager+Util.m"; sourceTree = "<group>"; };
		5045F8901C59E8630016F282 /* CanfeiViewControll.h */ = {isa = PBXFileReference; fileEncoding = 4; lastKnownFileType = sourcecode.c.h; path = CanfeiViewControll.h; sourceTree = "<group>"; };
		5045F8911C59E8630016F282 /* CanfeiViewControll.m */ = {isa = PBXFileReference; fileEncoding = 4; lastKnownFileType = sourcecode.c.objc; path = CanfeiViewControll.m; sourceTree = "<group>"; };
		50C336851C55FDDC00F4997B /* dingcan.app */ = {isa = PBXFileReference; explicitFileType = wrapper.application; includeInIndex = 0; path = dingcan.app; sourceTree = BUILT_PRODUCTS_DIR; };
		50C336891C55FDDC00F4997B /* main.m */ = {isa = PBXFileReference; lastKnownFileType = sourcecode.c.objc; path = main.m; sourceTree = "<group>"; };
		50C3368B1C55FDDC00F4997B /* AppDelegate.h */ = {isa = PBXFileReference; lastKnownFileType = sourcecode.c.h; path = AppDelegate.h; sourceTree = "<group>"; };
		50C3368C1C55FDDC00F4997B /* AppDelegate.m */ = {isa = PBXFileReference; lastKnownFileType = sourcecode.c.objc; path = AppDelegate.m; sourceTree = "<group>"; };
		50C3368E1C55FDDC00F4997B /* ViewController.h */ = {isa = PBXFileReference; lastKnownFileType = sourcecode.c.h; path = ViewController.h; sourceTree = "<group>"; };
		50C3368F1C55FDDC00F4997B /* ViewController.m */ = {isa = PBXFileReference; lastKnownFileType = sourcecode.c.objc; path = ViewController.m; sourceTree = "<group>"; };
		50C336921C55FDDC00F4997B /* Base */ = {isa = PBXFileReference; lastKnownFileType = file.storyboard; name = Base; path = Base.lproj/Main.storyboard; sourceTree = "<group>"; };
		50C336941C55FDDC00F4997B /* Assets.xcassets */ = {isa = PBXFileReference; lastKnownFileType = folder.assetcatalog; path = Assets.xcassets; sourceTree = "<group>"; };
		50C336971C55FDDC00F4997B /* Base */ = {isa = PBXFileReference; lastKnownFileType = file.storyboard; name = Base; path = Base.lproj/LaunchScreen.storyboard; sourceTree = "<group>"; };
		50C336991C55FDDC00F4997B /* Info.plist */ = {isa = PBXFileReference; lastKnownFileType = text.plist.xml; path = Info.plist; sourceTree = "<group>"; };
		50C3369E1C55FDDC00F4997B /* dingcanTests.xctest */ = {isa = PBXFileReference; explicitFileType = wrapper.cfbundle; includeInIndex = 0; path = dingcanTests.xctest; sourceTree = BUILT_PRODUCTS_DIR; };
		50C336A21C55FDDC00F4997B /* dingcanTests.m */ = {isa = PBXFileReference; lastKnownFileType = sourcecode.c.objc; path = dingcanTests.m; sourceTree = "<group>"; };
		50C336A41C55FDDC00F4997B /* Info.plist */ = {isa = PBXFileReference; lastKnownFileType = text.plist.xml; path = Info.plist; sourceTree = "<group>"; };
		50C336A91C55FDDC00F4997B /* dingcanUITests.xctest */ = {isa = PBXFileReference; explicitFileType = wrapper.cfbundle; includeInIndex = 0; path = dingcanUITests.xctest; sourceTree = BUILT_PRODUCTS_DIR; };
		50C336AD1C55FDDC00F4997B /* dingcanUITests.m */ = {isa = PBXFileReference; lastKnownFileType = sourcecode.c.objc; path = dingcanUITests.m; sourceTree = "<group>"; };
		50C336AF1C55FDDC00F4997B /* Info.plist */ = {isa = PBXFileReference; lastKnownFileType = text.plist.xml; path = Info.plist; sourceTree = "<group>"; };
		79B7DB57A39467E26D5CD6DE /* libPods-dingcanTests.a */ = {isa = PBXFileReference; explicitFileType = archive.ar; includeInIndex = 0; path = "libPods-dingcanTests.a"; sourceTree = BUILT_PRODUCTS_DIR; };
		7E0206C21680EDC1CBDA8CF1 /* Pods-dingcanTests.debug.xcconfig */ = {isa = PBXFileReference; includeInIndex = 1; lastKnownFileType = text.xcconfig; name = "Pods-dingcanTests.debug.xcconfig"; path = "Pods/Target Support Files/Pods-dingcanTests/Pods-dingcanTests.debug.xcconfig"; sourceTree = "<group>"; };
		985F68A303ADBE32519ADC4A /* Pods-dingcan.debug.xcconfig */ = {isa = PBXFileReference; includeInIndex = 1; lastKnownFileType = text.xcconfig; name = "Pods-dingcan.debug.xcconfig"; path = "Pods/Target Support Files/Pods-dingcan/Pods-dingcan.debug.xcconfig"; sourceTree = "<group>"; };
		BA73FF995FB476F507C08AD9 /* Pods-dingcan.release.xcconfig */ = {isa = PBXFileReference; includeInIndex = 1; lastKnownFileType = text.xcconfig; name = "Pods-dingcan.release.xcconfig"; path = "Pods/Target Support Files/Pods-dingcan/Pods-dingcan.release.xcconfig"; sourceTree = "<group>"; };
		C13FDD6DA57C1F9EB6A7EDB2 /* Pods-dingcanUITests.release.xcconfig */ = {isa = PBXFileReference; includeInIndex = 1; lastKnownFileType = text.xcconfig; name = "Pods-dingcanUITests.release.xcconfig"; path = "Pods/Target Support Files/Pods-dingcanUITests/Pods-dingcanUITests.release.xcconfig"; sourceTree = "<group>"; };
		C9CB4456BF0A7DA3F4FBF207 /* Pods-dingcanTests.release.xcconfig */ = {isa = PBXFileReference; includeInIndex = 1; lastKnownFileType = text.xcconfig; name = "Pods-dingcanTests.release.xcconfig"; path = "Pods/Target Support Files/Pods-dingcanTests/Pods-dingcanTests.release.xcconfig"; sourceTree = "<group>"; };
		E03F70FF84C9821A13D80225 /* libPods-dingcan.a */ = {isa = PBXFileReference; explicitFileType = archive.ar; includeInIndex = 0; path = "libPods-dingcan.a"; sourceTree = BUILT_PRODUCTS_DIR; };
/* End PBXFileReference section */

/* Begin PBXFrameworksBuildPhase section */
		50C336821C55FDDC00F4997B /* Frameworks */ = {
			isa = PBXFrameworksBuildPhase;
			buildActionMask = 2147483647;
			files = (
				0BA6DBEEC14F207184DAE762 /* libPods-dingcan.a in Frameworks */,
			);
			runOnlyForDeploymentPostprocessing = 0;
		};
		50C3369B1C55FDDC00F4997B /* Frameworks */ = {
			isa = PBXFrameworksBuildPhase;
			buildActionMask = 2147483647;
			files = (
				B26E7477D44E82B9AED4D1C2 /* libPods-dingcanTests.a in Frameworks */,
			);
			runOnlyForDeploymentPostprocessing = 0;
		};
		50C336A61C55FDDC00F4997B /* Frameworks */ = {
			isa = PBXFrameworksBuildPhase;
			buildActionMask = 2147483647;
			files = (
				5C33D6B164B43969889CD645 /* libPods-dingcanUITests.a in Frameworks */,
			);
			runOnlyForDeploymentPostprocessing = 0;
		};
/* End PBXFrameworksBuildPhase section */

/* Begin PBXGroup section */
		03867230304E45002D28A6E9 /* Frameworks */ = {
			isa = PBXGroup;
			children = (
				E03F70FF84C9821A13D80225 /* libPods-dingcan.a */,
				79B7DB57A39467E26D5CD6DE /* libPods-dingcanTests.a */,
				018870E8A513303ADCF67730 /* libPods-dingcanUITests.a */,
			);
			name = Frameworks;
			sourceTree = "<group>";
		};
		5043EDF11C576A6900E95506 /* Model */ = {
			isa = PBXGroup;
			children = (
				5043EDF41C576AAB00E95506 /* Canfei.h */,
				5043EDF51C576AAB00E95506 /* Canfei.m */,
			);
			name = Model;
			sourceTree = "<group>";
		};
		5043EDF21C576A7100E95506 /* View */ = {
			isa = PBXGroup;
			children = (
			);
			name = View;
			sourceTree = "<group>";
		};
		5043EDF31C576A7900E95506 /* Controller */ = {
			isa = PBXGroup;
			children = (
				50C3368E1C55FDDC00F4997B /* ViewController.h */,
				50C3368F1C55FDDC00F4997B /* ViewController.m */,
				5045F8901C59E8630016F282 /* CanfeiViewControll.h */,
				5045F8911C59E8630016F282 /* CanfeiViewControll.m */,
			);
			name = Controller;
			sourceTree = "<group>";
		};
		5045F88F1C59CAEB0016F282 /* Category */ = {
			isa = PBXGroup;
			children = (
				5043EE1F1C5929CC00E95506 /* AFHTTPSessionManager+Util.h */,
				5043EE201C5929CC00E95506 /* AFHTTPSessionManager+Util.m */,
			);
			name = Category;
			sourceTree = "<group>";
		};
		50C3367C1C55FDDC00F4997B = {
			isa = PBXGroup;
			children = (
				50C336871C55FDDC00F4997B /* dingcan */,
				50C336A11C55FDDC00F4997B /* dingcanTests */,
				50C336AC1C55FDDC00F4997B /* dingcanUITests */,
				50C336861C55FDDC00F4997B /* Products */,
				9D233C82F1C54AE90FBF92D5 /* Pods */,
				03867230304E45002D28A6E9 /* Frameworks */,
			);
			sourceTree = "<group>";
		};
		50C336861C55FDDC00F4997B /* Products */ = {
			isa = PBXGroup;
			children = (
				50C336851C55FDDC00F4997B /* dingcan.app */,
				50C3369E1C55FDDC00F4997B /* dingcanTests.xctest */,
				50C336A91C55FDDC00F4997B /* dingcanUITests.xctest */,
			);
			name = Products;
			sourceTree = "<group>";
		};
		50C336871C55FDDC00F4997B /* dingcan */ = {
			isa = PBXGroup;
			children = (
				5043EDF31C576A7900E95506 /* Controller */,
				5043EDF21C576A7100E95506 /* View */,
				5043EDF11C576A6900E95506 /* Model */,
				50C3368B1C55FDDC00F4997B /* AppDelegate.h */,
				5045F88F1C59CAEB0016F282 /* Category */,
				50C3368C1C55FDDC00F4997B /* AppDelegate.m */,
				50C336911C55FDDC00F4997B /* Main.storyboard */,
				50C336941C55FDDC00F4997B /* Assets.xcassets */,
				50C336961C55FDDC00F4997B /* LaunchScreen.storyboard */,
				50C336991C55FDDC00F4997B /* Info.plist */,
				50C336881C55FDDC00F4997B /* Supporting Files */,
			);
			path = dingcan;
			sourceTree = "<group>";
		};
		50C336881C55FDDC00F4997B /* Supporting Files */ = {
			isa = PBXGroup;
			children = (
				50C336891C55FDDC00F4997B /* main.m */,
			);
			name = "Supporting Files";
			sourceTree = "<group>";
		};
		50C336A11C55FDDC00F4997B /* dingcanTests */ = {
			isa = PBXGroup;
			children = (
				50C336A21C55FDDC00F4997B /* dingcanTests.m */,
				50C336A41C55FDDC00F4997B /* Info.plist */,
			);
			path = dingcanTests;
			sourceTree = "<group>";
		};
		50C336AC1C55FDDC00F4997B /* dingcanUITests */ = {
			isa = PBXGroup;
			children = (
				50C336AD1C55FDDC00F4997B /* dingcanUITests.m */,
				50C336AF1C55FDDC00F4997B /* Info.plist */,
			);
			path = dingcanUITests;
			sourceTree = "<group>";
		};
		9D233C82F1C54AE90FBF92D5 /* Pods */ = {
			isa = PBXGroup;
			children = (
				985F68A303ADBE32519ADC4A /* Pods-dingcan.debug.xcconfig */,
				BA73FF995FB476F507C08AD9 /* Pods-dingcan.release.xcconfig */,
				7E0206C21680EDC1CBDA8CF1 /* Pods-dingcanTests.debug.xcconfig */,
				C9CB4456BF0A7DA3F4FBF207 /* Pods-dingcanTests.release.xcconfig */,
				4A46B0E15DD161CD311BC358 /* Pods-dingcanUITests.debug.xcconfig */,
				C13FDD6DA57C1F9EB6A7EDB2 /* Pods-dingcanUITests.release.xcconfig */,
			);
			name = Pods;
			sourceTree = "<group>";
		};
/* End PBXGroup section */

/* Begin PBXNativeTarget section */
		50C336841C55FDDC00F4997B /* dingcan */ = {
			isa = PBXNativeTarget;
			buildConfigurationList = 50C336B21C55FDDD00F4997B /* Build configuration list for PBXNativeTarget "dingcan" */;
			buildPhases = (
				8567643EEF87A7D93A1AD00C /* Check Pods Manifest.lock */,
				50C336811C55FDDC00F4997B /* Sources */,
				50C336821C55FDDC00F4997B /* Frameworks */,
				50C336831C55FDDC00F4997B /* Resources */,
				9A5D9CB3F91FDCB59D32C53E /* Embed Pods Frameworks */,
				80BEE44761FC56DB88A03DA3 /* Copy Pods Resources */,
			);
			buildRules = (
			);
			dependencies = (
			);
			name = dingcan;
			productName = dingcan;
			productReference = 50C336851C55FDDC00F4997B /* dingcan.app */;
			productType = "com.apple.product-type.application";
		};
		50C3369D1C55FDDC00F4997B /* dingcanTests */ = {
			isa = PBXNativeTarget;
			buildConfigurationList = 50C336B51C55FDDD00F4997B /* Build configuration list for PBXNativeTarget "dingcanTests" */;
			buildPhases = (
				1AB2E874C0CD2A1A5D2C5621 /* Check Pods Manifest.lock */,
				50C3369A1C55FDDC00F4997B /* Sources */,
				50C3369B1C55FDDC00F4997B /* Frameworks */,
				50C3369C1C55FDDC00F4997B /* Resources */,
				F87D3B9AF0A68607E07677BC /* Embed Pods Frameworks */,
				6FF02EEAB00C31C02CD6532B /* Copy Pods Resources */,
			);
			buildRules = (
			);
			dependencies = (
				50C336A01C55FDDC00F4997B /* PBXTargetDependency */,
			);
			name = dingcanTests;
			productName = dingcanTests;
			productReference = 50C3369E1C55FDDC00F4997B /* dingcanTests.xctest */;
			productType = "com.apple.product-type.bundle.unit-test";
		};
		50C336A81C55FDDC00F4997B /* dingcanUITests */ = {
			isa = PBXNativeTarget;
			buildConfigurationList = 50C336B81C55FDDD00F4997B /* Build configuration list for PBXNativeTarget "dingcanUITests" */;
			buildPhases = (
				81A0B9436D67A01449F8EE96 /* Check Pods Manifest.lock */,
				50C336A51C55FDDC00F4997B /* Sources */,
				50C336A61C55FDDC00F4997B /* Frameworks */,
				50C336A71C55FDDC00F4997B /* Resources */,
				28274D8848B9E62C74B19A26 /* Copy Pods Resources */,
			);
			buildRules = (
			);
			dependencies = (
				50C336AB1C55FDDC00F4997B /* PBXTargetDependency */,
			);
			name = dingcanUITests;
			productName = dingcanUITests;
			productReference = 50C336A91C55FDDC00F4997B /* dingcanUITests.xctest */;
			productType = "com.apple.product-type.bundle.ui-testing";
		};
/* End PBXNativeTarget section */

/* Begin PBXProject section */
		50C3367D1C55FDDC00F4997B /* Project object */ = {
			isa = PBXProject;
			attributes = {
				LastUpgradeCheck = 0720;
				ORGANIZATIONNAME = ligulfzhou;
				TargetAttributes = {
					50C336841C55FDDC00F4997B = {
						CreatedOnToolsVersion = 7.2;
					};
					50C3369D1C55FDDC00F4997B = {
						CreatedOnToolsVersion = 7.2;
						TestTargetID = 50C336841C55FDDC00F4997B;
					};
					50C336A81C55FDDC00F4997B = {
						CreatedOnToolsVersion = 7.2;
						TestTargetID = 50C336841C55FDDC00F4997B;
					};
				};
			};
			buildConfigurationList = 50C336801C55FDDC00F4997B /* Build configuration list for PBXProject "dingcan" */;
			compatibilityVersion = "Xcode 3.2";
			developmentRegion = English;
			hasScannedForEncodings = 0;
			knownRegions = (
				en,
				Base,
			);
			mainGroup = 50C3367C1C55FDDC00F4997B;
			productRefGroup = 50C336861C55FDDC00F4997B /* Products */;
			projectDirPath = "";
			projectRoot = "";
			targets = (
				50C336841C55FDDC00F4997B /* dingcan */,
				50C3369D1C55FDDC00F4997B /* dingcanTests */,
				50C336A81C55FDDC00F4997B /* dingcanUITests */,
			);
		};
/* End PBXProject section */

/* Begin PBXResourcesBuildPhase section */
		50C336831C55FDDC00F4997B /* Resources */ = {
			isa = PBXResourcesBuildPhase;
			buildActionMask = 2147483647;
			files = (
				50C336981C55FDDC00F4997B /* LaunchScreen.storyboard in Resources */,
				50C336951C55FDDC00F4997B /* Assets.xcassets in Resources */,
				50C336931C55FDDC00F4997B /* Main.storyboard in Resources */,
			);
			runOnlyForDeploymentPostprocessing = 0;
		};
		50C3369C1C55FDDC00F4997B /* Resources */ = {
			isa = PBXResourcesBuildPhase;
			buildActionMask = 2147483647;
			files = (
			);
			runOnlyForDeploymentPostprocessing = 0;
		};
		50C336A71C55FDDC00F4997B /* Resources */ = {
			isa = PBXResourcesBuildPhase;
			buildActionMask = 2147483647;
			files = (
			);
			runOnlyForDeploymentPostprocessing = 0;
		};
/* End PBXResourcesBuildPhase section */

/* Begin PBXShellScriptBuildPhase section */
		1AB2E874C0CD2A1A5D2C5621 /* Check Pods Manifest.lock */ = {
			isa = PBXShellScriptBuildPhase;
			buildActionMask = 2147483647;
			files = (
			);
			inputPaths = (
			);
			name = "Check Pods Manifest.lock";
			outputPaths = (
			);
			runOnlyForDeploymentPostprocessing = 0;
			shellPath = /bin/sh;
			shellScript = "diff \"${PODS_ROOT}/../Podfile.lock\" \"${PODS_ROOT}/Manifest.lock\" > /dev/null\nif [[ $? != 0 ]] ; then\n    cat << EOM\nerror: The sandbox is not in sync with the Podfile.lock. Run 'pod install' or update your CocoaPods installation.\nEOM\n    exit 1\nfi\n";
			showEnvVarsInLog = 0;
		};
		28274D8848B9E62C74B19A26 /* Copy Pods Resources */ = {
			isa = PBXShellScriptBuildPhase;
			buildActionMask = 2147483647;
			files = (
			);
			inputPaths = (
			);
			name = "Copy Pods Resources";
			outputPaths = (
			);
			runOnlyForDeploymentPostprocessing = 0;
			shellPath = /bin/sh;
			shellScript = "\"${SRCROOT}/Pods/Target Support Files/Pods-dingcanUITests/Pods-dingcanUITests-resources.sh\"\n";
			showEnvVarsInLog = 0;
		};
		6FF02EEAB00C31C02CD6532B /* Copy Pods Resources */ = {
			isa = PBXShellScriptBuildPhase;
			buildActionMask = 2147483647;
			files = (
			);
			inputPaths = (
			);
			name = "Copy Pods Resources";
			outputPaths = (
			);
			runOnlyForDeploymentPostprocessing = 0;
			shellPath = /bin/sh;
			shellScript = "\"${SRCROOT}/Pods/Target Support Files/Pods-dingcanTests/Pods-dingcanTests-resources.sh\"\n";
			showEnvVarsInLog = 0;
		};
		80BEE44761FC56DB88A03DA3 /* Copy Pods Resources */ = {
			isa = PBXShellScriptBuildPhase;
			buildActionMask = 2147483647;
			files = (
			);
			inputPaths = (
			);
			name = "Copy Pods Resources";
			outputPaths = (
			);
			runOnlyForDeploymentPostprocessing = 0;
			shellPath = /bin/sh;
			shellScript = "\"${SRCROOT}/Pods/Target Support Files/Pods-dingcan/Pods-dingcan-resources.sh\"\n";
			showEnvVarsInLog = 0;
		};
		81A0B9436D67A01449F8EE96 /* Check Pods Manifest.lock */ = {
			isa = PBXShellScriptBuildPhase;
			buildActionMask = 2147483647;
			files = (
			);
			inputPaths = (
			);
			name = "Check Pods Manifest.lock";
			outputPaths = (
			);
			runOnlyForDeploymentPostprocessing = 0;
			shellPath = /bin/sh;
			shellScript = "diff \"${PODS_ROOT}/../Podfile.lock\" \"${PODS_ROOT}/Manifest.lock\" > /dev/null\nif [[ $? != 0 ]] ; then\n    cat << EOM\nerror: The sandbox is not in sync with the Podfile.lock. Run 'pod install' or update your CocoaPods installation.\nEOM\n    exit 1\nfi\n";
			showEnvVarsInLog = 0;
		};
		8567643EEF87A7D93A1AD00C /* Check Pods Manifest.lock */ = {
			isa = PBXShellScriptBuildPhase;
			buildActionMask = 2147483647;
			files = (
			);
			inputPaths = (
			);
			name = "Check Pods Manifest.lock";
			outputPaths = (
			);
			runOnlyForDeploymentPostprocessing = 0;
			shellPath = /bin/sh;
			shellScript = "diff \"${PODS_ROOT}/../Podfile.lock\" \"${PODS_ROOT}/Manifest.lock\" > /dev/null\nif [[ $? != 0 ]] ; then\n    cat << EOM\nerror: The sandbox is not in sync with the Podfile.lock. Run 'pod install' or update your CocoaPods installation.\nEOM\n    exit 1\nfi\n";
			showEnvVarsInLog = 0;
		};
		9A5D9CB3F91FDCB59D32C53E /* Embed Pods Frameworks */ = {
			isa = PBXShellScriptBuildPhase;
			buildActionMask = 2147483647;
			files = (
			);
			inputPaths = (
			);
			name = "Embed Pods Frameworks";
			outputPaths = (
			);
			runOnlyForDeploymentPostprocessing = 0;
			shellPath = /bin/sh;
			shellScript = "\"${SRCROOT}/Pods/Target Support Files/Pods-dingcan/Pods-dingcan-frameworks.sh\"\n";
			showEnvVarsInLog = 0;
		};
		F87D3B9AF0A68607E07677BC /* Embed Pods Frameworks */ = {
			isa = PBXShellScriptBuildPhase;
			buildActionMask = 2147483647;
			files = (
			);
			inputPaths = (
			);
			name = "Embed Pods Frameworks";
			outputPaths = (
			);
			runOnlyForDeploymentPostprocessing = 0;
			shellPath = /bin/sh;
			shellScript = "\"${SRCROOT}/Pods/Target Support Files/Pods-dingcanTests/Pods-dingcanTests-frameworks.sh\"\n";
			showEnvVarsInLog = 0;
		};
/* End PBXShellScriptBuildPhase section */

/* Begin PBXSourcesBuildPhase section */
		50C336811C55FDDC00F4997B /* Sources */ = {
			isa = PBXSourcesBuildPhase;
			buildActionMask = 2147483647;
			files = (
				50C336901C55FDDC00F4997B /* ViewController.m in Sources */,
				5045F8921C59E8630016F282 /* CanfeiViewControll.m in Sources */,
				5043EE211C5929CC00E95506 /* AFHTTPSessionManager+Util.m in Sources */,
				5043EDF61C576AAB00E95506 /* Canfei.m in Sources */,
				50C3368D1C55FDDC00F4997B /* AppDelegate.m in Sources */,
				50C3368A1C55FDDC00F4997B /* main.m in Sources */,
			);
			runOnlyForDeploymentPostprocessing = 0;
		};
		50C3369A1C55FDDC00F4997B /* Sources */ = {
			isa = PBXSourcesBuildPhase;
			buildActionMask = 2147483647;
			files = (
				50C336A31C55FDDC00F4997B /* dingcanTests.m in Sources */,
			);
			runOnlyForDeploymentPostprocessing = 0;
		};
		50C336A51C55FDDC00F4997B /* Sources */ = {
			isa = PBXSourcesBuildPhase;
			buildActionMask = 2147483647;
			files = (
				50C336AE1C55FDDC00F4997B /* dingcanUITests.m in Sources */,
			);
			runOnlyForDeploymentPostprocessing = 0;
		};
/* End PBXSourcesBuildPhase section */

/* Begin PBXTargetDependency section */
		50C336A01C55FDDC00F4997B /* PBXTargetDependency */ = {
			isa = PBXTargetDependency;
			target = 50C336841C55FDDC00F4997B /* dingcan */;
			targetProxy = 50C3369F1C55FDDC00F4997B /* PBXContainerItemProxy */;
		};
		50C336AB1C55FDDC00F4997B /* PBXTargetDependency */ = {
			isa = PBXTargetDependency;
			target = 50C336841C55FDDC00F4997B /* dingcan */;
			targetProxy = 50C336AA1C55FDDC00F4997B /* PBXContainerItemProxy */;
		};
/* End PBXTargetDependency section */

/* Begin PBXVariantGroup section */
		50C336911C55FDDC00F4997B /* Main.storyboard */ = {
			isa = PBXVariantGroup;
			children = (
				50C336921C55FDDC00F4997B /* Base */,
			);
			name = Main.storyboard;
			sourceTree = "<group>";
		};
		50C336961C55FDDC00F4997B /* LaunchScreen.storyboard */ = {
			isa = PBXVariantGroup;
			children = (
				50C336971C55FDDC00F4997B /* Base */,
			);
			name = LaunchScreen.storyboard;
			sourceTree = "<group>";
		};
/* End PBXVariantGroup section */

/* Begin XCBuildConfiguration section */
		50C336B01C55FDDD00F4997B /* Debug */ = {
			isa = XCBuildConfiguration;
			buildSettings = {
				ALWAYS_SEARCH_USER_PATHS = NO;
				CLANG_CXX_LANGUAGE_STANDARD = "gnu++0x";
				CLANG_CXX_LIBRARY = "libc++";
				CLANG_ENABLE_MODULES = YES;
				CLANG_ENABLE_OBJC_ARC = YES;
				CLANG_WARN_BOOL_CONVERSION = YES;
				CLANG_WARN_CONSTANT_CONVERSION = YES;
				CLANG_WARN_DIRECT_OBJC_ISA_USAGE = YES_ERROR;
				CLANG_WARN_EMPTY_BODY = YES;
				CLANG_WARN_ENUM_CONVERSION = YES;
				CLANG_WARN_INT_CONVERSION = YES;
				CLANG_WARN_OBJC_ROOT_CLASS = YES_ERROR;
				CLANG_WARN_UNREACHABLE_CODE = YES;
				CLANG_WARN__DUPLICATE_METHOD_MATCH = YES;
				"CODE_SIGN_IDENTITY[sdk=iphoneos*]" = "iPhone Developer";
				COPY_PHASE_STRIP = NO;
				DEBUG_INFORMATION_FORMAT = dwarf;
				ENABLE_STRICT_OBJC_MSGSEND = YES;
				ENABLE_TESTABILITY = YES;
				GCC_C_LANGUAGE_STANDARD = gnu99;
				GCC_DYNAMIC_NO_PIC = NO;
				GCC_NO_COMMON_BLOCKS = YES;
				GCC_OPTIMIZATION_LEVEL = 0;
				GCC_PREPROCESSOR_DEFINITIONS = (
					"DEBUG=1",
					"$(inherited)",
				);
				GCC_WARN_64_TO_32_BIT_CONVERSION = YES;
				GCC_WARN_ABOUT_RETURN_TYPE = YES_ERROR;
				GCC_WARN_UNDECLARED_SELECTOR = YES;
				GCC_WARN_UNINITIALIZED_AUTOS = YES_AGGRESSIVE;
				GCC_WARN_UNUSED_FUNCTION = YES;
				GCC_WARN_UNUSED_VARIABLE = YES;
				IPHONEOS_DEPLOYMENT_TARGET = 9.2;
				MTL_ENABLE_DEBUG_INFO = YES;
				ONLY_ACTIVE_ARCH = YES;
				SDKROOT = iphoneos;
			};
			name = Debug;
		};
		50C336B11C55FDDD00F4997B /* Release */ = {
			isa = XCBuildConfiguration;
			buildSettings = {
				ALWAYS_SEARCH_USER_PATHS = NO;
				CLANG_CXX_LANGUAGE_STANDARD = "gnu++0x";
				CLANG_CXX_LIBRARY = "libc++";
				CLANG_ENABLE_MODULES = YES;
				CLANG_ENABLE_OBJC_ARC = YES;
				CLANG_WARN_BOOL_CONVERSION = YES;
				CLANG_WARN_CONSTANT_CONVERSION = YES;
				CLANG_WARN_DIRECT_OBJC_ISA_USAGE = YES_ERROR;
				CLANG_WARN_EMPTY_BODY = YES;
				CLANG_WARN_ENUM_CONVERSION = YES;
				CLANG_WARN_INT_CONVERSION = YES;
				CLANG_WARN_OBJC_ROOT_CLASS = YES_ERROR;
				CLANG_WARN_UNREACHABLE_CODE = YES;
				CLANG_WARN__DUPLICATE_METHOD_MATCH = YES;
				"CODE_SIGN_IDENTITY[sdk=iphoneos*]" = "iPhone Developer";
				COPY_PHASE_STRIP = NO;
				DEBUG_INFORMATION_FORMAT = "dwarf-with-dsym";
				ENABLE_NS_ASSERTIONS = NO;
				ENABLE_STRICT_OBJC_MSGSEND = YES;
				GCC_C_LANGUAGE_STANDARD = gnu99;
				GCC_NO_COMMON_BLOCKS = YES;
				GCC_WARN_64_TO_32_BIT_CONVERSION = YES;
				GCC_WARN_ABOUT_RETURN_TYPE = YES_ERROR;
				GCC_WARN_UNDECLARED_SELECTOR = YES;
				GCC_WARN_UNINITIALIZED_AUTOS = YES_AGGRESSIVE;
				GCC_WARN_UNUSED_FUNCTION = YES;
				GCC_WARN_UNUSED_VARIABLE = YES;
				IPHONEOS_DEPLOYMENT_TARGET = 9.2;
				MTL_ENABLE_DEBUG_INFO = NO;
				SDKROOT = iphoneos;
				VALIDATE_PRODUCT = YES;
			};
			name = Release;
		};
		50C336B31C55FDDD00F4997B /* Debug */ = {
			isa = XCBuildConfiguration;
			baseConfigurationReference = 985F68A303ADBE32519ADC4A /* Pods-dingcan.debug.xcconfig */;
			buildSettings = {
				ASSETCATALOG_COMPILER_APPICON_NAME = AppIcon;
				INFOPLIST_FILE = dingcan/Info.plist;
				LD_RUNPATH_SEARCH_PATHS = "$(inherited) @executable_path/Frameworks";
				PRODUCT_BUNDLE_IDENTIFIER = org.ligulfzhou.dingcan;
				PRODUCT_NAME = "$(TARGET_NAME)";
			};
			name = Debug;
		};
		50C336B41C55FDDD00F4997B /* Release */ = {
			isa = XCBuildConfiguration;
			baseConfigurationReference = BA73FF995FB476F507C08AD9 /* Pods-dingcan.release.xcconfig */;
			buildSettings = {
				ASSETCATALOG_COMPILER_APPICON_NAME = AppIcon;
				INFOPLIST_FILE = dingcan/Info.plist;
				LD_RUNPATH_SEARCH_PATHS = "$(inherited) @executable_path/Frameworks";
				PRODUCT_BUNDLE_IDENTIFIER = org.ligulfzhou.dingcan;
				PRODUCT_NAME = "$(TARGET_NAME)";
			};
			name = Release;
		};
		50C336B61C55FDDD00F4997B /* Debug */ = {
			isa = XCBuildConfiguration;
			baseConfigurationReference = 7E0206C21680EDC1CBDA8CF1 /* Pods-dingcanTests.debug.xcconfig */;
			buildSettings = {
				BUNDLE_LOADER = "$(TEST_HOST)";
				INFOPLIST_FILE = dingcanTests/Info.plist;
				LD_RUNPATH_SEARCH_PATHS = "$(inherited) @executable_path/Frameworks @loader_path/Frameworks";
				PRODUCT_BUNDLE_IDENTIFIER = org.ligulfzhou.dingcanTests;
				PRODUCT_NAME = "$(TARGET_NAME)";
				TEST_HOST = "$(BUILT_PRODUCTS_DIR)/dingcan.app/dingcan";
			};
			name = Debug;
		};
		50C336B71C55FDDD00F4997B /* Release */ = {
			isa = XCBuildConfiguration;
			baseConfigurationReference = C9CB4456BF0A7DA3F4FBF207 /* Pods-dingcanTests.release.xcconfig */;
			buildSettings = {
				BUNDLE_LOADER = "$(TEST_HOST)";
				INFOPLIST_FILE = dingcanTests/Info.plist;
				LD_RUNPATH_SEARCH_PATHS = "$(inherited) @executable_path/Frameworks @loader_path/Frameworks";
				PRODUCT_BUNDLE_IDENTIFIER = org.ligulfzhou.dingcanTests;
				PRODUCT_NAME = "$(TARGET_NAME)";
				TEST_HOST = "$(BUILT_PRODUCTS_DIR)/dingcan.app/dingcan";
			};
			name = Release;
		};
		50C336B91C55FDDD00F4997B /* Debug */ = {
			isa = XCBuildConfiguration;
			baseConfigurationReference = 4A46B0E15DD161CD311BC358 /* Pods-dingcanUITests.debug.xcconfig */;
			buildSettings = {
				INFOPLIST_FILE = dingcanUITests/Info.plist;
				LD_RUNPATH_SEARCH_PATHS = "$(inherited) @executable_path/Frameworks @loader_path/Frameworks";
				PRODUCT_BUNDLE_IDENTIFIER = org.ligulfzhou.dingcanUITests;
				PRODUCT_NAME = "$(TARGET_NAME)";
				TEST_TARGET_NAME = dingcan;
				USES_XCTRUNNER = YES;
			};
			name = Debug;
		};
		50C336BA1C55FDDD00F4997B /* Release */ = {
			isa = XCBuildConfiguration;
			baseConfigurationReference = C13FDD6DA57C1F9EB6A7EDB2 /* Pods-dingcanUITests.release.xcconfig */;
			buildSettings = {
				INFOPLIST_FILE = dingcanUITests/Info.plist;
				LD_RUNPATH_SEARCH_PATHS = "$(inherited) @executable_path/Frameworks @loader_path/Frameworks";
				PRODUCT_BUNDLE_IDENTIFIER = org.ligulfzhou.dingcanUITests;
				PRODUCT_NAME = "$(TARGET_NAME)";
				TEST_TARGET_NAME = dingcan;
				USES_XCTRUNNER = YES;
			};
			name = Release;
		};
/* End XCBuildConfiguration section */

/* Begin XCConfigurationList section */
		50C336801C55FDDC00F4997B /* Build configuration list for PBXProject "dingcan" */ = {
			isa = XCConfigurationList;
			buildConfigurations = (
				50C336B01C55FDDD00F4997B /* Debug */,
				50C336B11C55FDDD00F4997B /* Release */,
			);
			defaultConfigurationIsVisible = 0;
			defaultConfigurationName = Release;
		};
		50C336B21C55FDDD00F4997B /* Build configuration list for PBXNativeTarget "dingcan" */ = {
			isa = XCConfigurationList;
			buildConfigurations = (
				50C336B31C55FDDD00F4997B /* Debug */,
				50C336B41C55FDDD00F4997B /* Release */,
			);
			defaultConfigurationIsVisible = 0;
			defaultConfigurationName = Release;
		};
		50C336B51C55FDDD00F4997B /* Build configuration list for PBXNativeTarget "dingcanTests" */ = {
			isa = XCConfigurationList;
			buildConfigurations = (
				50C336B61C55FDDD00F4997B /* Debug */,
				50C336B71C55FDDD00F4997B /* Release */,
			);
			defaultConfigurationIsVisible = 0;
			defaultConfigurationName = Release;
		};
		50C336B81C55FDDD00F4997B /* Build configuration list for PBXNativeTarget "dingcanUITests" */ = {
			isa = XCConfigurationList;
			buildConfigurations = (
				50C336B91C55FDDD00F4997B /* Debug */,
				50C336BA1C55FDDD00F4997B /* Release */,
			);
			defaultConfigurationIsVisible = 0;
			defaultConfigurationName = Release;
		};
/* End XCConfigurationList section */
	};
	rootObject = 50C3367D1C55FDDC00F4997B /* Project object */;
}
